{
  "originHash" : "c955ad3581a665028d144c05ec0527f2702bcba53c158ef78bd37d1e44d788f5",
  "pins" : [
    {
      "identity" : "elementbuilder",
      "kind" : "remoteSourceControl",
      "location" : "https://github.com/Oldbobb1/ElementBuilder",
      "state" : {
        "branch" : "main",
        "revision" : "706eab82923ccc5a86134f80a3c188696a3b1d91"
      }
    },
    {
      "identity" : "jtapplecalendar?ysclid=m0nv2xwnej544951659",
      "kind" : "remoteSourceControl",
      "location" : "https://github.com/patchthecode/JTAppleCalendar?ysclid=m0nv2xwnej544951659",
      "state" : {
        "revision" : "718f0ab68ba0fcd2bc134f6e9d30edc1b9b038e1",
        "version" : "8.0.5"
      }
    },
    {
      "identity" : "snapkit",
      "kind" : "remoteSourceControl",
      "location" : "https://github.com/SnapKit/SnapKit",
      "state" : {
        "revision" : "2842e6e84e82eb9a8dac0100ca90d9444b0307f4",
        "version" : "5.7.1"
      }
    }
  ],
  "version" : 3
}
