{
  "originHash" : "8fadac2e1e82aec59a91f79820d6ff8876b425543a9f115f5eef3c2df727031f",
  "pins" : [
    {
      "identity" : "elementbuilder",
      "kind" : "remoteSourceControl",
      "location" : "https://github.com/Oldbobb1/ElementBuilder",
      "state" : {
        "branch" : "main",
        "revision" : "a2446a101a5282ea3ec798d08cb1ba85fa3fdc8a"
      }
    },
    {
      "identity" : "fscalendar",
      "kind" : "remoteSourceControl",
      "location" : "https://github.com/WenchaoD/FSCalendar",
      "state" : {
        "revision" : "0fbdec5172fccb90f707472eeaea4ffe095278f6",
        "version" : "2.8.4"
      }
    },
    {
      "identity" : "jtapplecalendar?ysclid=m0nv2xwnej544951659",
      "kind" : "remoteSourceControl",
      "location" : "https://github.com/patchthecode/JTAppleCalendar?ysclid=m0nv2xwnej544951659",
      "state" : {
        "revision" : "718f0ab68ba0fcd2bc134f6e9d30edc1b9b038e1",
        "version" : "8.0.5"
      }
    },
    {
      "identity" : "snapkit",
      "kind" : "remoteSourceControl",
      "location" : "https://github.com/SnapKit/SnapKit",
      "state" : {
        "revision" : "2842e6e84e82eb9a8dac0100ca90d9444b0307f4",
        "version" : "5.7.1"
      }
    }
  ],
  "version" : 3
}
